
Microsoft Visual Studio Solution File, Format Version 12.00
# Visual Studio 15
VisualStudioVersion = 15.0.26430.16
MinimumVisualStudioVersion = 10.0.40219.1
Project("{FAE04EC0-301F-11D3-BF4B-00C04F79EFBC}") = "ado.net", "ado.net\ado.net.csproj", "{BA09D655-0E9D-4632-A97C-7FC873216FDC}"
EndProject
Global
	GlobalSection(SolutionConfigurationPlatforms) = preSolution
		Debug|Any CPU = Debug|Any CPU
		Release|Any CPU = Release|Any CPU
	EndGlobalSection
	GlobalSection(ProjectConfigurationPlatforms) = postSolution
		{BA09D655-0E9D-4632-A97C-7FC873216FDC}.Debug|Any CPU.ActiveCfg = Debug|Any CPU
		{BA09D655-0E9D-4632-A97C-7FC873216FDC}.Debug|Any CPU.Build.0 = Debug|Any CPU
		{BA09D655-0E9D-4632-A97C-7FC873216FDC}.Release|Any CPU.ActiveCfg = Release|Any CPU
		{BA09D655-0E9D-4632-A97C-7FC873216FDC}.Release|Any CPU.Build.0 = Release|Any CPU
	EndGlobalSection
	GlobalSection(SolutionProperties) = preSolution
		HideSolutionNode = FALSE
	EndGlobalSection
EndGlobal
